{
  "version": 4,
  "terraform_version": "1.3.9",
  "serial": 19,
  "lineage": "bc6bce66-7fa2-0739-86b5-19af2de6d065",
  "outputs": {
    "jenkins_public_ip": {
      "value": "34.234.207.231",
      "type": "string"
    },
    "prod_public_ip": {
      "value": "34.200.229.199",
      "type": "string"
    }
  },
  "resources": [
    {
      "mode": "data",
      "type": "aws_vpc",
      "name": "main",
      "provider": "provider[\"registry.terraform.io/hashicorp/aws\"]",
      "instances": [
        {
          "schema_version": 0,
          "attributes": {
            "arn": "arn:aws:ec2:us-east-1:798271200017:vpc/vpc-009d51a1ee9e902cd",
            "cidr_block": "172.31.0.0/16",
            "cidr_block_associations": [
              {
                "association_id": "vpc-cidr-assoc-02a12a25769269708",
                "cidr_block": "172.31.0.0/16",
                "state": "associated"
              }
            ],
            "default": true,
            "dhcp_options_id": "dopt-0d7453557c04ca043",
            "enable_dns_hostnames": true,
            "enable_dns_support": true,
            "enable_network_address_usage_metrics": false,
            "filter": null,
            "id": "vpc-009d51a1ee9e902cd",
            "instance_tenancy": "default",
            "ipv6_association_id": "",
            "ipv6_cidr_block": "",
            "main_route_table_id": "rtb-06e7af859b8393dae",
            "owner_id": "798271200017",
            "state": null,
            "tags": {},
            "timeouts": null
          },
          "sensitive_attributes": []
        }
      ]
    },
    {
      "mode": "managed",
      "type": "aws_instance",
      "name": "jenkins",
      "provider": "provider[\"registry.terraform.io/hashicorp/aws\"]",
      "instances": [
        {
          "schema_version": 1,
          "attributes": {
            "ami": "ami-0dfcb1ef8550277af",
            "arn": "arn:aws:ec2:us-east-1:798271200017:instance/i-04f22c8003ad802f4",
            "associate_public_ip_address": true,
            "availability_zone": "us-east-1d",
            "capacity_reservation_specification": [
              {
                "capacity_reservation_preference": "open",
                "capacity_reservation_target": []
              }
            ],
            "cpu_core_count": 1,
            "cpu_threads_per_core": 1,
            "credit_specification": [
              {
                "cpu_credits": "standard"
              }
            ],
            "disable_api_stop": false,
            "disable_api_termination": false,
            "ebs_block_device": [],
            "ebs_optimized": false,
            "enclave_options": [
              {
                "enabled": false
              }
            ],
            "ephemeral_block_device": [],
            "get_password_data": false,
            "hibernation": false,
            "host_id": "",
            "host_resource_group_arn": null,
            "iam_instance_profile": "",
            "id": "i-04f22c8003ad802f4",
            "instance_initiated_shutdown_behavior": "stop",
            "instance_state": "running",
            "instance_type": "t2.micro",
            "ipv6_address_count": 0,
            "ipv6_addresses": [],
            "key_name": "jenkins-key",
            "launch_template": [],
            "maintenance_options": [
              {
                "auto_recovery": "default"
              }
            ],
            "metadata_options": [
              {
                "http_endpoint": "enabled",
                "http_put_response_hop_limit": 1,
                "http_tokens": "optional",
                "instance_metadata_tags": "disabled"
              }
            ],
            "monitoring": false,
            "network_interface": [],
            "outpost_arn": "",
            "password_data": "",
            "placement_group": "",
            "placement_partition_number": 0,
            "primary_network_interface_id": "eni-0ec518200ebf88401",
            "private_dns": "ip-172-31-6-233.ec2.internal",
            "private_dns_name_options": [
              {
                "enable_resource_name_dns_a_record": false,
                "enable_resource_name_dns_aaaa_record": false,
                "hostname_type": "ip-name"
              }
            ],
            "private_ip": "172.31.6.233",
            "public_dns": "ec2-34-234-207-231.compute-1.amazonaws.com",
            "public_ip": "34.234.207.231",
            "root_block_device": [
              {
                "delete_on_termination": true,
                "device_name": "/dev/xvda",
                "encrypted": false,
                "iops": 100,
                "kms_key_id": "",
                "tags": {},
                "throughput": 0,
                "volume_id": "vol-07f1052f362bd0f19",
                "volume_size": 8,
                "volume_type": "gp2"
              }
            ],
            "secondary_private_ips": [],
            "security_groups": [
              "sg_DevSecOps"
            ],
            "source_dest_check": true,
            "subnet_id": "subnet-06e8feb3fe824cd9c",
            "tags": {
              "Name": "Jenkins"
            },
            "tags_all": {
              "Name": "Jenkins"
            },
            "tenancy": "default",
            "timeouts": null,
            "user_data": null,
            "user_data_base64": null,
            "user_data_replace_on_change": false,
            "volume_tags": null,
            "vpc_security_group_ids": [
              "sg-0268063c25ad3eec7"
            ]
          },
          "sensitive_attributes": [],
          "private": "eyJlMmJmYjczMC1lY2FhLTExZTYtOGY4OC0zNDM2M2JjN2M0YzAiOnsiY3JlYXRlIjo2MDAwMDAwMDAwMDAsImRlbGV0ZSI6MTIwMDAwMDAwMDAwMCwidXBkYXRlIjo2MDAwMDAwMDAwMDB9LCJzY2hlbWFfdmVyc2lvbiI6IjEifQ==",
          "dependencies": [
            "aws_key_pair.jenkins-key",
            "aws_security_group.sg_devsecops",
            "data.aws_vpc.main"
          ]
        }
      ]
    },
    {
      "mode": "managed",
      "type": "aws_instance",
      "name": "production",
      "provider": "provider[\"registry.terraform.io/hashicorp/aws\"]",
      "instances": [
        {
          "schema_version": 1,
          "attributes": {
            "ami": "ami-0dfcb1ef8550277af",
            "arn": "arn:aws:ec2:us-east-1:798271200017:instance/i-0d7e4c528f5e2d9c9",
            "associate_public_ip_address": true,
            "availability_zone": "us-east-1d",
            "capacity_reservation_specification": [
              {
                "capacity_reservation_preference": "open",
                "capacity_reservation_target": []
              }
            ],
            "cpu_core_count": 1,
            "cpu_threads_per_core": 1,
            "credit_specification": [
              {
                "cpu_credits": "standard"
              }
            ],
            "disable_api_stop": false,
            "disable_api_termination": false,
            "ebs_block_device": [],
            "ebs_optimized": false,
            "enclave_options": [
              {
                "enabled": false
              }
            ],
            "ephemeral_block_device": [],
            "get_password_data": false,
            "hibernation": false,
            "host_id": "",
            "host_resource_group_arn": null,
            "iam_instance_profile": "",
            "id": "i-0d7e4c528f5e2d9c9",
            "instance_initiated_shutdown_behavior": "stop",
            "instance_state": "running",
            "instance_type": "t2.micro",
            "ipv6_address_count": 0,
            "ipv6_addresses": [],
            "key_name": "prod-key",
            "launch_template": [],
            "maintenance_options": [
              {
                "auto_recovery": "default"
              }
            ],
            "metadata_options": [
              {
                "http_endpoint": "enabled",
                "http_put_response_hop_limit": 1,
                "http_tokens": "optional",
                "instance_metadata_tags": "disabled"
              }
            ],
            "monitoring": false,
            "network_interface": [],
            "outpost_arn": "",
            "password_data": "",
            "placement_group": "",
            "placement_partition_number": 0,
            "primary_network_interface_id": "eni-0b1ffa1e7487b95fe",
            "private_dns": "ip-172-31-5-20.ec2.internal",
            "private_dns_name_options": [
              {
                "enable_resource_name_dns_a_record": false,
                "enable_resource_name_dns_aaaa_record": false,
                "hostname_type": "ip-name"
              }
            ],
            "private_ip": "172.31.5.20",
            "public_dns": "ec2-34-200-229-199.compute-1.amazonaws.com",
            "public_ip": "34.200.229.199",
            "root_block_device": [
              {
                "delete_on_termination": true,
                "device_name": "/dev/xvda",
                "encrypted": false,
                "iops": 100,
                "kms_key_id": "",
                "tags": {},
                "throughput": 0,
                "volume_id": "vol-0f6d90691d21fde35",
                "volume_size": 8,
                "volume_type": "gp2"
              }
            ],
            "secondary_private_ips": [],
            "security_groups": [
              "sg_DevSecOps"
            ],
            "source_dest_check": true,
            "subnet_id": "subnet-06e8feb3fe824cd9c",
            "tags": {
              "Name": "Production"
            },
            "tags_all": {
              "Name": "Production"
            },
            "tenancy": "default",
            "timeouts": null,
            "user_data": null,
            "user_data_base64": null,
            "user_data_replace_on_change": false,
            "volume_tags": null,
            "vpc_security_group_ids": [
              "sg-0268063c25ad3eec7"
            ]
          },
          "sensitive_attributes": [],
          "private": "eyJlMmJmYjczMC1lY2FhLTExZTYtOGY4OC0zNDM2M2JjN2M0YzAiOnsiY3JlYXRlIjo2MDAwMDAwMDAwMDAsImRlbGV0ZSI6MTIwMDAwMDAwMDAwMCwidXBkYXRlIjo2MDAwMDAwMDAwMDB9LCJzY2hlbWFfdmVyc2lvbiI6IjEifQ==",
          "dependencies": [
            "aws_key_pair.prod-key",
            "aws_security_group.sg_devsecops",
            "data.aws_vpc.main"
          ]
        }
      ]
    },
    {
      "mode": "managed",
      "type": "aws_key_pair",
      "name": "jenkins-key",
      "provider": "provider[\"registry.terraform.io/hashicorp/aws\"]",
      "instances": [
        {
          "schema_version": 1,
          "attributes": {
            "arn": "arn:aws:ec2:us-east-1:798271200017:key-pair/jenkins-key",
            "fingerprint": "a9:0d:17:24:a0:70:38:dd:8d:d0:c5:f4:33:49:53:3c",
            "id": "jenkins-key",
            "key_name": "jenkins-key",
            "key_name_prefix": "",
            "key_pair_id": "key-01b2666e7139f5d40",
            "key_type": "rsa",
            "public_key": "ssh-rsa AAAAB3NzaC1yc2EAAAADAQABAAABgQDgynvEl4SvPq0VhGGzyh/VVCeLXvVbHM6hC9zadbGUjLtJF5sienw3veajlwLVkprMjrTtWI5y0EtZ0hcZe8+q3Oiz++zr5e9YjkZc25m6N/swXNWioGRQzxTHYEM+//eJWOSBkVuugegRPIyTOBBEY8ucKPLevtjGMQ91Yhk9Y0lWBPMn+E13+gh+RvcgKjjIyFCPo8lQWET4KoHnwZMfpKrl36J6W3jOG2y8o7+XJWWOv0sz7BquBietdznkrWyQc3C2kw7MMVUw16hkpTxHOb7bPbTBrt2WhcIDc1cAt54oFDe5GOnoNcgSWZS5fF+3sS6/pfmyhSTx/Pnh7fPTV8LFCnNmYEV7m9bI+/RnchSheK2yJCiijzpuBeRTQ5tsfhIyVgdFbT0OQ2nJeWwxSXq6mwCmuKQZk1/BN2JyqcEJnXyvz5/NTghPsifJtP8I6ZS3NN7wt0lOaHmN4QzVtdpAeVvKuDESupllj7hiPB39AEdR0n3vytkvJbCLig8= terraform@node1.rhce.class.com",
            "tags": null,
            "tags_all": {}
          },
          "sensitive_attributes": [],
          "private": "eyJzY2hlbWFfdmVyc2lvbiI6IjEifQ=="
        }
      ]
    },
    {
      "mode": "managed",
      "type": "aws_key_pair",
      "name": "prod-key",
      "provider": "provider[\"registry.terraform.io/hashicorp/aws\"]",
      "instances": [
        {
          "schema_version": 1,
          "attributes": {
            "arn": "arn:aws:ec2:us-east-1:798271200017:key-pair/prod-key",
            "fingerprint": "dc:6b:56:52:9a:78:3d:26:ed:8b:3b:2c:83:a8:78:b1",
            "id": "prod-key",
            "key_name": "prod-key",
            "key_name_prefix": "",
            "key_pair_id": "key-0df5dafa76ec4ef25",
            "key_type": "rsa",
            "public_key": "ssh-rsa AAAAB3NzaC1yc2EAAAADAQABAAABgQC99XW/z9RB/BLOHtED1h21YnnKPKVXZiQTTV1JlRqmBnyV7Kr+aYNHlEORaz2vDkVxS6pdfBdZKzN8rVthtBK5WE81ZCBQ6Jbn+nzg1wrw587sd+4Bi5MCAY8R3vvjMHwrFF1PeE6NBtsNn3ZuCPvwdWNcScrwHUehBNaEpjvsfsavN9jWOnCVTaZgHr81EPbgz/VwYHk0B1UM/gcSEmty71yC9e1ipK+jKti7n9cB4meOc7Rw96cGAYJay6WCjE834tf+V9cpbGcwYj2QHOW+4s0K9Pw+DS99kDbGuE1qi362kL5EXXLFWqW/ugTjYZuVCR3UEbst056AaRZxLc8Mf+AKPQmlY3sGGeKL3QeckYmQu3Ki5lQjtgl4CpTBkPSdBso7AHmyRSEKjRewr/79vRTLlvA0nsiQTFmiZxrTM/2p8+ZUgYjIo2gAcak/kL1FyIPxlh4rDhq+KHCgcv7BYYZeK109Kcrg/Pv3HcpfL7Inyc1cz2XVtgQ0YmSN8R0= terraform@node1.rhce.class.com",
            "tags": null,
            "tags_all": {}
          },
          "sensitive_attributes": [],
          "private": "eyJzY2hlbWFfdmVyc2lvbiI6IjEifQ=="
        }
      ]
    },
    {
      "mode": "managed",
      "type": "aws_security_group",
      "name": "sg_devsecops",
      "provider": "provider[\"registry.terraform.io/hashicorp/aws\"]",
      "instances": [
        {
          "schema_version": 1,
          "attributes": {
            "arn": "arn:aws:ec2:us-east-1:798271200017:security-group/sg-0268063c25ad3eec7",
            "description": "DevSecOps Security Group",
            "egress": [
              {
                "cidr_blocks": [
                  "0.0.0.0/0"
                ],
                "description": "outgoing traffic",
                "from_port": 0,
                "ipv6_cidr_blocks": [
                  "::/0"
                ],
                "prefix_list_ids": [],
                "protocol": "-1",
                "security_groups": [],
                "self": false,
                "to_port": 0
              }
            ],
            "id": "sg-0268063c25ad3eec7",
            "ingress": [
              {
                "cidr_blocks": [
                  "0.0.0.0/0"
                ],
                "description": "HTTP",
                "from_port": 8080,
                "ipv6_cidr_blocks": [],
                "prefix_list_ids": [],
                "protocol": "tcp",
                "security_groups": [],
                "self": false,
                "to_port": 8080
              },
              {
                "cidr_blocks": [
                  "0.0.0.0/0"
                ],
                "description": "SSH",
                "from_port": 22,
                "ipv6_cidr_blocks": [],
                "prefix_list_ids": [],
                "protocol": "tcp",
                "security_groups": [],
                "self": false,
                "to_port": 22
              }
            ],
            "name": "sg_DevSecOps",
            "name_prefix": "",
            "owner_id": "798271200017",
            "revoke_rules_on_delete": false,
            "tags": null,
            "tags_all": {},
            "timeouts": null,
            "vpc_id": "vpc-009d51a1ee9e902cd"
          },
          "sensitive_attributes": [],
          "private": "eyJlMmJmYjczMC1lY2FhLTExZTYtOGY4OC0zNDM2M2JjN2M0YzAiOnsiY3JlYXRlIjo2MDAwMDAwMDAwMDAsImRlbGV0ZSI6OTAwMDAwMDAwMDAwfSwic2NoZW1hX3ZlcnNpb24iOiIxIn0=",
          "dependencies": [
            "data.aws_vpc.main"
          ]
        }
      ]
    }
  ],
  "check_results": null
}
