{
  "version": 4,
  "terraform_version": "1.3.7",
  "serial": 53,
  "lineage": "2963ee6e-6037-71ab-7a8f-576aabb8d85a",
  "outputs": {
    "jenkins_private_ip": {
      "value": "172.31.24.152",
      "type": "string"
    },
    "jenkins_public_ip": {
      "value": "34.227.223.243",
      "type": "string"
    },
    "prod_private_ip": {
      "value": "172.31.87.131",
      "type": "string"
    },
    "prod_public_ip": {
      "value": "18.233.160.180",
      "type": "string"
    }
  },
  "resources": [
    {
      "mode": "data",
      "type": "aws_vpc",
      "name": "main",
      "provider": "provider[\"registry.terraform.io/hashicorp/aws\"]",
      "instances": [
        {
          "schema_version": 0,
          "attributes": {
            "arn": "arn:aws:ec2:us-east-1:681441598902:vpc/vpc-0eb03098011a78001",
            "cidr_block": "172.31.0.0/16",
            "cidr_block_associations": [
              {
                "association_id": "vpc-cidr-assoc-0b00ef5c5b647c06d",
                "cidr_block": "172.31.0.0/16",
                "state": "associated"
              }
            ],
            "default": true,
            "dhcp_options_id": "dopt-05dd0662ad03b103f",
            "enable_dns_hostnames": true,
            "enable_dns_support": true,
            "enable_network_address_usage_metrics": false,
            "filter": null,
            "id": "vpc-0eb03098011a78001",
            "instance_tenancy": "default",
            "ipv6_association_id": "",
            "ipv6_cidr_block": "",
            "main_route_table_id": "rtb-069800b06493132dc",
            "owner_id": "681441598902",
            "state": null,
            "tags": {},
            "timeouts": null
          },
          "sensitive_attributes": []
        }
      ]
    },
    {
      "mode": "managed",
      "type": "aws_instance",
      "name": "jenkins",
      "provider": "provider[\"registry.terraform.io/hashicorp/aws\"]",
      "instances": [
        {
          "schema_version": 1,
          "attributes": {
            "ami": "ami-0dfcb1ef8550277af",
            "arn": "arn:aws:ec2:us-east-1:681441598902:instance/i-058609545fd07c695",
            "associate_public_ip_address": true,
            "availability_zone": "us-east-1a",
            "capacity_reservation_specification": [
              {
                "capacity_reservation_preference": "open",
                "capacity_reservation_target": []
              }
            ],
            "cpu_core_count": 1,
            "cpu_threads_per_core": 1,
            "credit_specification": [
              {
                "cpu_credits": "standard"
              }
            ],
            "disable_api_stop": false,
            "disable_api_termination": false,
            "ebs_block_device": [],
            "ebs_optimized": false,
            "enclave_options": [
              {
                "enabled": false
              }
            ],
            "ephemeral_block_device": [],
            "get_password_data": false,
            "hibernation": false,
            "host_id": "",
            "host_resource_group_arn": null,
            "iam_instance_profile": "",
            "id": "i-058609545fd07c695",
            "instance_initiated_shutdown_behavior": "stop",
            "instance_state": "running",
            "instance_type": "t2.small",
            "ipv6_address_count": 0,
            "ipv6_addresses": [],
            "key_name": "jenkins-key",
            "launch_template": [],
            "maintenance_options": [
              {
                "auto_recovery": "default"
              }
            ],
            "metadata_options": [
              {
                "http_endpoint": "enabled",
                "http_put_response_hop_limit": 1,
                "http_tokens": "optional",
                "instance_metadata_tags": "disabled"
              }
            ],
            "monitoring": false,
            "network_interface": [],
            "outpost_arn": "",
            "password_data": "",
            "placement_group": "",
            "placement_partition_number": 0,
            "primary_network_interface_id": "eni-02aeb4ace9798239e",
            "private_dns": "ip-172-31-24-152.ec2.internal",
            "private_dns_name_options": [
              {
                "enable_resource_name_dns_a_record": false,
                "enable_resource_name_dns_aaaa_record": false,
                "hostname_type": "ip-name"
              }
            ],
            "private_ip": "172.31.24.152",
            "public_dns": "ec2-34-227-223-243.compute-1.amazonaws.com",
            "public_ip": "34.227.223.243",
            "root_block_device": [
              {
                "delete_on_termination": true,
                "device_name": "/dev/xvda",
                "encrypted": false,
                "iops": 100,
                "kms_key_id": "",
                "tags": {},
                "throughput": 0,
                "volume_id": "vol-0218b682ae9bf014b",
                "volume_size": 8,
                "volume_type": "gp2"
              }
            ],
            "secondary_private_ips": [],
            "security_groups": [
              "sg_DevSecOps"
            ],
            "source_dest_check": true,
            "subnet_id": "subnet-0aaace91b6232172a",
            "tags": {
              "Name": "Jenkins"
            },
            "tags_all": {
              "Name": "Jenkins"
            },
            "tenancy": "default",
            "timeouts": null,
            "user_data": null,
            "user_data_base64": null,
            "user_data_replace_on_change": false,
            "volume_tags": null,
            "vpc_security_group_ids": [
              "sg-0482aacb0b8c3f998"
            ]
          },
          "sensitive_attributes": [],
          "private": "eyJlMmJmYjczMC1lY2FhLTExZTYtOGY4OC0zNDM2M2JjN2M0YzAiOnsiY3JlYXRlIjo2MDAwMDAwMDAwMDAsImRlbGV0ZSI6MTIwMDAwMDAwMDAwMCwidXBkYXRlIjo2MDAwMDAwMDAwMDB9LCJzY2hlbWFfdmVyc2lvbiI6IjEifQ==",
          "dependencies": [
            "aws_key_pair.jenkins-key",
            "aws_security_group.sg_devsecops",
            "data.aws_vpc.main"
          ]
        }
      ]
    },
    {
      "mode": "managed",
      "type": "aws_instance",
      "name": "production",
      "provider": "provider[\"registry.terraform.io/hashicorp/aws\"]",
      "instances": [
        {
          "schema_version": 1,
          "attributes": {
            "ami": "ami-0dfcb1ef8550277af",
            "arn": "arn:aws:ec2:us-east-1:681441598902:instance/i-07187eec1a23f5e9b",
            "associate_public_ip_address": true,
            "availability_zone": "us-east-1d",
            "capacity_reservation_specification": [
              {
                "capacity_reservation_preference": "open",
                "capacity_reservation_target": []
              }
            ],
            "cpu_core_count": 1,
            "cpu_threads_per_core": 1,
            "credit_specification": [
              {
                "cpu_credits": "standard"
              }
            ],
            "disable_api_stop": false,
            "disable_api_termination": false,
            "ebs_block_device": [],
            "ebs_optimized": false,
            "enclave_options": [
              {
                "enabled": false
              }
            ],
            "ephemeral_block_device": [],
            "get_password_data": false,
            "hibernation": false,
            "host_id": "",
            "host_resource_group_arn": null,
            "iam_instance_profile": "",
            "id": "i-07187eec1a23f5e9b",
            "instance_initiated_shutdown_behavior": "stop",
            "instance_state": "running",
            "instance_type": "t2.micro",
            "ipv6_address_count": 0,
            "ipv6_addresses": [],
            "key_name": "prod-key",
            "launch_template": [],
            "maintenance_options": [
              {
                "auto_recovery": "default"
              }
            ],
            "metadata_options": [
              {
                "http_endpoint": "enabled",
                "http_put_response_hop_limit": 1,
                "http_tokens": "optional",
                "instance_metadata_tags": "disabled"
              }
            ],
            "monitoring": false,
            "network_interface": [],
            "outpost_arn": "",
            "password_data": "",
            "placement_group": "",
            "placement_partition_number": 0,
            "primary_network_interface_id": "eni-0e810c6826463b325",
            "private_dns": "ip-172-31-87-131.ec2.internal",
            "private_dns_name_options": [
              {
                "enable_resource_name_dns_a_record": false,
                "enable_resource_name_dns_aaaa_record": false,
                "hostname_type": "ip-name"
              }
            ],
            "private_ip": "172.31.87.131",
            "public_dns": "ec2-18-233-160-180.compute-1.amazonaws.com",
            "public_ip": "18.233.160.180",
            "root_block_device": [
              {
                "delete_on_termination": true,
                "device_name": "/dev/xvda",
                "encrypted": false,
                "iops": 100,
                "kms_key_id": "",
                "tags": {},
                "throughput": 0,
                "volume_id": "vol-0df64f1b8373feac2",
                "volume_size": 8,
                "volume_type": "gp2"
              }
            ],
            "secondary_private_ips": [],
            "security_groups": [
              "sg_DevSecOps"
            ],
            "source_dest_check": true,
            "subnet_id": "subnet-0ad81e69443f3dc3c",
            "tags": {
              "Name": "Production"
            },
            "tags_all": {
              "Name": "Production"
            },
            "tenancy": "default",
            "timeouts": null,
            "user_data": null,
            "user_data_base64": null,
            "user_data_replace_on_change": false,
            "volume_tags": null,
            "vpc_security_group_ids": [
              "sg-0482aacb0b8c3f998"
            ]
          },
          "sensitive_attributes": [],
          "private": "eyJlMmJmYjczMC1lY2FhLTExZTYtOGY4OC0zNDM2M2JjN2M0YzAiOnsiY3JlYXRlIjo2MDAwMDAwMDAwMDAsImRlbGV0ZSI6MTIwMDAwMDAwMDAwMCwidXBkYXRlIjo2MDAwMDAwMDAwMDB9LCJzY2hlbWFfdmVyc2lvbiI6IjEifQ==",
          "dependencies": [
            "aws_key_pair.prod-key",
            "aws_security_group.sg_devsecops",
            "data.aws_vpc.main"
          ]
        }
      ]
    },
    {
      "mode": "managed",
      "type": "aws_key_pair",
      "name": "jenkins-key",
      "provider": "provider[\"registry.terraform.io/hashicorp/aws\"]",
      "instances": [
        {
          "schema_version": 1,
          "attributes": {
            "arn": "arn:aws:ec2:us-east-1:681441598902:key-pair/jenkins-key",
            "fingerprint": "03:3b:e3:e5:bc:a3:77:e8:88:51:3b:e3:76:08:40:89",
            "id": "jenkins-key",
            "key_name": "jenkins-key",
            "key_name_prefix": "",
            "key_pair_id": "key-00cb65b9b8aa8ab83",
            "key_type": "rsa",
            "public_key": "ssh-rsa AAAAB3NzaC1yc2EAAAADAQABAAACAQDWuosqiOBlDu52uvOEh5uw1W+2SuEmaa44gnRRbEFu1v2qwRs+lOYHh8AotvluicAYJqlYiwukPKLRCvszrWPsKvAr0Xjoq5oSTchfnsiVniQ/gWkOKEvpPsRTUDsJJ9CEInf8h/3IA/P+Ifp6suZ5p5xxMoUG114bZjF0LHm4EXVw/y7VJq+zJdcXydDxnk+1eNnpUV6k3qiWRjQeDvWERHqMJ+L7xxNlqyguIjv7T507XCTlSn2v4SKavmyHjNfNL9GGG4ZiE1rUSjCFpvADknPrY7LRS+FBQgOsQFLR6B2cm02s4lxTlHwgX9uIP1UlaUq+/SSO/LVP0bH0YGmLYH4gZ/JxaBBsDpz1XXq+vcvO7ZCJR8o4I/an9OmxJStH1vR1OIlw5/wugba8/IP5Os5Vpio3afT4+3/pyPR08DJk1P8dXWiPB7os+3nXz5v/Nezhkaqd09L/bjVZgd7S8Y1KZpbCQPRbTgIItu70w8eRfGYoRKB5ubqyLUpAw83uqL5lYkQIoO1QNY+saNR04vPPnvMk0RuKKGO5IWYJ3a+cxOLVHKolx1EdsAfHlO93S4XxGS/oRepWRD3jAOJP87hZ6j1NnO6DOj2NiXakAKsnYMtzJqEI1uVXqeCtjODpZqhIqStu370Uea7ZpYd5Z4qYuj2Rfe3FRi+Hq+S6lw== root@controle.example.com",
            "tags": {},
            "tags_all": {}
          },
          "sensitive_attributes": [],
          "private": "eyJzY2hlbWFfdmVyc2lvbiI6IjEifQ=="
        }
      ]
    },
    {
      "mode": "managed",
      "type": "aws_key_pair",
      "name": "prod-key",
      "provider": "provider[\"registry.terraform.io/hashicorp/aws\"]",
      "instances": [
        {
          "schema_version": 1,
          "attributes": {
            "arn": "arn:aws:ec2:us-east-1:681441598902:key-pair/prod-key",
            "fingerprint": "a5:2f:b4:61:22:d1:67:42:b5:73:d0:00:d3:48:4b:55",
            "id": "prod-key",
            "key_name": "prod-key",
            "key_name_prefix": "",
            "key_pair_id": "key-07d8aeae9510c7068",
            "key_type": "rsa",
            "public_key": "ssh-rsa AAAAB3NzaC1yc2EAAAADAQABAAACAQDD7LufR+oWS+w0FLnxWSWxeWwjwtZZOD07BnQh5t+5gm+gjb13aprFEF3ZYO22BcOtA1uJkZcflmvR0kQkuVvmjEPcGrGTfyYjSXfqD3hLZFRIQ5Hna2d1WbRVexxPcdigsmIEKWk4gVvafW8SpbV7p6unMpyQVpPvg1nptTjAbM1usaXcQM7FadW1wmZcockzVKfQvBqNSDIdxfE91V7q1H5sgs0CtpluQJS3NBhCrYIXYWF3pOpcZ3bujFWJ0OVmyd1XDN1F2x9cfQGQ/5dWCLhpMQsl3jhrAnLbWaaodPYm89TuB9RvXfl60rAKORSMe0e0Nd7SWvAPzfrcvXJPOKdhcIUxnkHVDS+ncutMmS/fWGwabe7RS08HO8RbTKKk0TsYwKHTA/SxpcMuVxoRa2nkZSFlALQXfunFrEicKQhRWwAFLFTId6PbaMKXoSlFx9ExecZN1MPkMNYwqi9f1pCkdDFsYTATCBdxdX+oBTOn/9IWCyqF9fHFCARH+5BohITb696YwZTPKBG9ZDGgrBOd2XjOZzUKS9aNv+aMNesD20L6ATF1MAdPfnRFw7gxp/MN9/8fnIQWvwCmfq9AgKeVLW9d2VF6vjV5ZLrs8pSXTdI6oBmK6JKuNjOD53YeSf8HxlOOIK7RhalDxL9vudovD6NwxrAVqcnmX8cqfw== root@controle.example.com",
            "tags": {},
            "tags_all": {}
          },
          "sensitive_attributes": [],
          "private": "eyJzY2hlbWFfdmVyc2lvbiI6IjEifQ=="
        }
      ]
    },
    {
      "mode": "managed",
      "type": "aws_security_group",
      "name": "sg_devsecops",
      "provider": "provider[\"registry.terraform.io/hashicorp/aws\"]",
      "instances": [
        {
          "schema_version": 1,
          "attributes": {
            "arn": "arn:aws:ec2:us-east-1:681441598902:security-group/sg-0482aacb0b8c3f998",
            "description": "DevSecOps Security Group",
            "egress": [
              {
                "cidr_blocks": [
                  "0.0.0.0/0"
                ],
                "description": "outgoing traffic",
                "from_port": 0,
                "ipv6_cidr_blocks": [
                  "::/0"
                ],
                "prefix_list_ids": [],
                "protocol": "-1",
                "security_groups": [],
                "self": false,
                "to_port": 0
              }
            ],
            "id": "sg-0482aacb0b8c3f998",
            "ingress": [
              {
                "cidr_blocks": [
                  "0.0.0.0/0"
                ],
                "description": "HTTP",
                "from_port": 8080,
                "ipv6_cidr_blocks": [],
                "prefix_list_ids": [],
                "protocol": "tcp",
                "security_groups": [],
                "self": false,
                "to_port": 8080
              },
              {
                "cidr_blocks": [
                  "0.0.0.0/0"
                ],
                "description": "SSH",
                "from_port": 22,
                "ipv6_cidr_blocks": [],
                "prefix_list_ids": [],
                "protocol": "tcp",
                "security_groups": [],
                "self": false,
                "to_port": 22
              }
            ],
            "name": "sg_DevSecOps",
            "name_prefix": "",
            "owner_id": "681441598902",
            "revoke_rules_on_delete": false,
            "tags": {},
            "tags_all": {},
            "timeouts": null,
            "vpc_id": "vpc-0eb03098011a78001"
          },
          "sensitive_attributes": [],
          "private": "eyJlMmJmYjczMC1lY2FhLTExZTYtOGY4OC0zNDM2M2JjN2M0YzAiOnsiY3JlYXRlIjo2MDAwMDAwMDAwMDAsImRlbGV0ZSI6OTAwMDAwMDAwMDAwfSwic2NoZW1hX3ZlcnNpb24iOiIxIn0=",
          "dependencies": [
            "data.aws_vpc.main"
          ]
        }
      ]
    }
  ],
  "check_results": null
}
